# This file is autogenerated, do not edit; changes may be undone by the next 'dep ensure'.


[[projects]]
  branch = "master"
  digest = "1:0492e718e84f2949f4e718530f5995a168765377558a193acee9e0b184d94890"
  name = "github.com/dsnet/compress"
  packages = [
    ".",
    "bzip2",
    "bzip2/internal/sais",
    "internal",
    "internal/errors",
    "internal/prefix",
  ]
  pruneopts = "UT"
  revision = "cc9eb1d7ad760af14e8f918698f745e80377af4f"

[[projects]]
  digest = "1:7912c4566646e2e382bd2f490136f89aeb190368c17a85676c45cf383549387b"
  name = "github.com/magefile/mage"
  packages = [
    "build",
    "mage",
    "mg",
    "parse",
    "parse/srcimporter",
    "sh",
    "target",
    "types",
  ]
  pruneopts = "UT"
  revision = "771ebed3d686dce3d36cab4fc9ee55c295ed8905"
  version = "2.1"

[[projects]]
  digest = "1:e05db7d2d85e06b7973561483c4accb8fa67037ff851c69641d9c281b4c36102"
  name = "github.com/mholt/archiver"
  packages = ["."]
  pruneopts = "UT"
  revision = "cdc68dd1f170b8dfc1a0d2231b5bb0967ed67006"
  version = "v2.0"

[[projects]]
  branch = "master"
  digest = "1:3bdb4203c03569a564d6a4bd54d84315575cebb2d76471f8676f8ee8c402005e"
  name = "github.com/nwaples/rardecode"
  packages = ["."]
  pruneopts = "UT"
  revision = "e06696f847aeda6f39a8f0b7cdff193b7690aef6"

[[projects]]
  digest = "1:95741de3af260a92cc5c7f3f3061e85273f5a81b5db20d4bd68da74bd521675e"
  name = "github.com/pelletier/go-toml"
  packages = ["."]
  pruneopts = "UT"
  revision = "c01d1270ff3e442a8a57cddc1c92dc1138598194"
  version = "v1.2.0"

[[projects]]
  digest = "1:acac0c4bc8829e859a9d5ddf407780be6d5b1a11c7cc7817fb0abc8f235e1f38"
  name = "github.com/ulikunitz/xz"
  packages = [
    ".",
    "internal/hash",
    "internal/xlog",
    "lzma",
  ]
  pruneopts = "UT"
  revision = "0c6b41e72360850ca4f98dc341fd999726ea007f"
  version = "v0.5.4"

[solve-meta]
  analyzer-name = "dep"
  analyzer-version = 1
  input-imports = [
    "github.com/magefile/mage/mage",
    "github.com/magefile/mage/mg",
    "github.com/magefile/mage/sh",
    "github.com/magefile/mage/target",
    "github.com/mholt/archiver",
    "github.com/pelletier/go-toml",
  ]
  solver-name = "gps-cdcl"
  solver-version = 1
