# This file is autogenerated, do not edit; changes may be undone by the next 'dep ensure'.


[[projects]]
  branch = "master"
  digest = "1:b0e6113d68ce1a44db3ef5724fad177b9f1f52fc08c21755f5e9bf0e0cf4e5a3"
  name = "4d63.com/gochecknoglobals"
  packages = ["."]
  pruneopts = "UT"
  revision = "9d4b45f358725d2a99ed997af46cc87def6038ec"

[[projects]]
  branch = "master"
  digest = "1:73b36cbb2608986e419ff183346519d81d3d1a66e42acda480b757d801adb945"
  name = "4d63.com/gochecknoinits"
  packages = ["."]
  pruneopts = "UT"
  revision = "14d5915061e505285f932964ee2a7a8536220b85"

[[projects]]
  branch = "issue/153"
  digest = "1:7cc2606cd279c20868c5b06c5d6ed45aa19bd6d7e7855b493ff7486ea49f4626"
  name = "github.com/GoASTScanner/gas"
  packages = [
    ".",
    "cmd/gas",
    "output",
    "rules",
  ]
  pruneopts = "UT"
  revision = "806c1d081f5149dbdb4077850a532afafea27ac3"

[[projects]]
  branch = "parse-constraints-with-dash-in-pre"
  digest = "1:7e73faff24c89b65b730d17369374ec4a6d89a0d73c49d40c5bec55660a87fae"
  name = "github.com/Masterminds/semver"
  packages = ["."]
  pruneopts = "UT"
  revision = "a93e51b5a57ef416dac8bb02d11407b6f55d8929"
  source = "https://github.com/carolynvs/semver.git"

[[projects]]
  digest = "1:e8e97d3c5df6c44e650dbf87090ad7cba352415574067214c2f0ff8964c43869"
  name = "github.com/Masterminds/vcs"
  packages = ["."]
  pruneopts = "UT"
  revision = "6f1c6d150500e452704e9863f68c2559f58616bf"
  version = "v1.12.0"

[[projects]]
  branch = "master"
  digest = "1:8a3f2d316524d82ec2ef57b517668904685c25f8c250662c1d20cac350388d0b"
  name = "github.com/alecthomas/gocyclo"
  packages = ["."]
  pruneopts = "UT"
  revision = "aa8f8b160214d8dfccfe3e17e578dd0fcc6fede7"

[[projects]]
  digest = "1:bd26b79c0a1b0654f60bb5f2c4dd340a848693b06dc841ae0b7112e95de4f1f5"
  name = "github.com/alecthomas/gometalinter"
  packages = ["."]
  pruneopts = "UT"
  revision = "a0a6cc517e763fe2cfe7618b819ec02fc11651f3"
  version = "v2.0.6"

[[projects]]
  branch = "master"
  digest = "1:c198fdc381e898e8fb62b8eb62758195091c313ad18e52a3067366e1dda2fb3c"
  name = "github.com/alecthomas/units"
  packages = ["."]
  pruneopts = "UT"
  revision = "2efee857e7cfd4f3d0138cc3cbb1b4966962b93a"

[[projects]]
  branch = "master"
  digest = "1:300c0d22047b2fa7c4a9cd4c9cc2ca5a6e941fdcd320c54a54626dbfb86d2a5f"
  name = "github.com/alexflint/go-arg"
  packages = ["."]
  pruneopts = "UT"
  revision = "f7c0423bd11ee80ab81d25c6d46f492998af8547"

[[projects]]
  branch = "master"
  digest = "1:e36bd4aac23f7b8cafe074ed789b89d673f88d14443a230d3982a694704d121b"
  name = "github.com/alexflint/go-scalar"
  packages = ["."]
  pruneopts = "UT"
  revision = "e80c3b7ed292b052c7083b6fd7154a8422c33f65"

[[projects]]
  digest = "1:edf9a22c8d2bf75940fe40a034b03527b1112932b63992a730621782666a9804"
  name = "github.com/alexkohler/nakedret"
  packages = ["."]
  pruneopts = "UT"
  revision = "c0e305a4f690fed163d47628bcc06a6d5655bf92"
  version = "v1.0"

[[projects]]
  branch = "master"
  digest = "1:9fd3a6ab34bb103ba228eefd044d3f9aa476237ea95a46d12e8cccd3abf3fea2"
  name = "github.com/armon/go-radix"
  packages = ["."]
  pruneopts = "UT"
  revision = "1fca145dffbcaa8fe914309b1ec0cfc67500fe61"

[[projects]]
  digest = "1:0f98f59e9a2f4070d66f0c9c39561f68fcd1dc837b22a852d28d0003aebd1b1e"
  name = "github.com/boltdb/bolt"
  packages = ["."]
  pruneopts = "UT"
  revision = "2f1ce7a837dcb8da3ec595b1dac9d0632f0f99e8"
  version = "v1.3.1"

[[projects]]
  digest = "1:cbaf0081c5245d4d4c95b79017046eb59f755dae9e0809a9b7611065c4b3ba51"
  name = "github.com/client9/misspell"
  packages = [
    ".",
    "cmd/misspell",
  ]
  pruneopts = "UT"
  revision = "b90dc15cfd220ecf8bbc9043ecb928cef381f011"
  version = "v0.3.4"

[[projects]]
  digest = "1:01cbce6993f93efc789f6b2347b304c74f28eb62e65d2b10ab1c5b278ec5b81f"
  name = "github.com/golang/dep"
  packages = [
    ".",
    "gps",
    "gps/internal/pb",
    "gps/paths",
    "gps/pkgtree",
    "internal/fs",
  ]
  pruneopts = "UT"
  revision = "37d9ea0ac16f0e0a05afc3b60e1ac8c364b6c329"
  version = "v0.4.1"

[[projects]]
  branch = "master"
  digest = "1:4ee452f8994700dcab9e816aef1cb9eb2317218734c6ccf5135746e6c19f3dce"
  name = "github.com/golang/lint"
  packages = ["golint"]
  pruneopts = "UT"
  revision = "06c8688daad7faa9da5a0c2f163a3d14aac986ca"

[[projects]]
  branch = "master"
  digest = "1:c2508a1141353f666fff8188578af4b263d4a412225f0fba418c92270aa0cc62"
  name = "github.com/golang/protobuf"
  packages = ["proto"]
  pruneopts = "UT"
  revision = "14aad3d5ea4c323bcd7a2137e735da24a76e814c"

[[projects]]
  branch = "master"
  digest = "1:750e747d0aad97b79f4a4e00034bae415c2ea793fd9e61438d966ee9c79579bf"
  name = "github.com/google/shlex"
  packages = ["."]
  pruneopts = "UT"
  revision = "6f45313302b9c56850fc17f99e40caebce98c716"

[[projects]]
  branch = "master"
  digest = "1:78010c43f45797f252007611599b5eb3d3752775305f9aa68669c318a54c6230"
  name = "github.com/gordonklaus/ineffassign"
  packages = ["."]
  pruneopts = "UT"
  revision = "3fd9b69f2fb179405773f03d33c68a00f3a1ca4a"

[[projects]]
  digest = "1:1ae1320499f313087077163662655108e910664599129d1f03285bb0e1cbe854"
  name = "github.com/jgautheron/goconst"
  packages = [
    ".",
    "cmd/goconst",
  ]
  pruneopts = "UT"
  revision = "9740945f5dcb78c2faa8eedcce78c2a04aa6e1e9"
  version = "1.1.0"

[[projects]]
  digest = "1:dcb3e2ad17349c0cc89ffc16692d05195e6a67b4924fe81760fba9a307a7271d"
  name = "github.com/jmank88/nuts"
  packages = ["."]
  pruneopts = "UT"
  revision = "8b28145dffc87104e66d074f62ea8080edfad7c8"
  version = "v0.3.0"

[[projects]]
  digest = "1:3ea650c8831b00121167b358e5150444d5069a002d865f7d82e4478d8c18958e"
  name = "github.com/kisielk/errcheck"
  packages = [
    ".",
    "internal/errcheck",
  ]
  pruneopts = "UT"
  revision = "55d8f507faff4d6eddd0c41a3e713e2567fca4e5"
  version = "v1.1.0"

[[projects]]
  digest = "1:f8c4b1481f9c1c22eda20b809b2a5dd83b56420c1ded25a68f3c6036a78e8c57"
  name = "github.com/kisielk/gotool"
  packages = [
    ".",
    "internal/load",
  ]
  pruneopts = "UT"
  revision = "80517062f582ea3340cd4baf70e86d539ae7d84d"
  version = "v1.0.0"

[[projects]]
  digest = "1:d1f70995feb8132ca8e99b8bba29823c3273f68c239d9ecd93fa5442a56d546f"
  name = "github.com/mattn/goveralls"
  packages = ["."]
  pruneopts = "UT"
  revision = "b71a1e4855f87991aff01c2c833a75a07059c61c"
  version = "v0.0.2"

[[projects]]
  branch = "master"
  digest = "1:cf39c6aae506f38aa9c9d0f7f42ad3975c5ac893f4430472074ecdac218a09ef"
  name = "github.com/mdempsky/maligned"
  packages = ["."]
  pruneopts = "UT"
  revision = "6e39bd26a8c8b58c5a22129593044655a9e25959"

[[projects]]
  branch = "master"
  digest = "1:6031da158e692901e067003e1c307599149827411ee6ae5c83b68672c8f1758b"
  name = "github.com/mdempsky/unconvert"
  packages = ["."]
  pruneopts = "UT"
  revision = "1a9a0a0a3594e9363e49545fb6a4e24ac4c68b7b"

[[projects]]
  digest = "1:da27bdaded41b901c7c2d2176a5e5b2b0b94eaa1c0ae2321cde02dcd5c27a0cf"
  name = "github.com/mibk/dupl"
  packages = [
    ".",
    "job",
    "output",
    "suffixtree",
    "syntax",
    "syntax/golang",
  ]
  pruneopts = "UT"
  revision = "f008fcf5e62793d38bda510ee37aab8b0c68e76c"
  version = "v1.0.0"

[[projects]]
  digest = "1:f0d56c55c8b5611a6240c3e2e6e006cd6912b1a8fab9e404c171dcbb0adb6258"
  name = "github.com/nbutton23/zxcvbn-go"
  packages = [
    ".",
    "adjacency",
    "data",
    "entropy",
    "frequency",
    "match",
    "matching",
    "scoring",
    "utils/math",
  ]
  pruneopts = "UT"
  revision = "eafdab6b0663b4b528c35975c8b0e78be6e25261"
  version = "v0.1"

[[projects]]
  digest = "1:f5504160e7da9c3fce16f395feaafa0233c6c739a94f6794d462d28372bd9857"
  name = "github.com/nicksnyder/go-i18n"
  packages = [
    "i18n",
    "i18n/bundle",
    "i18n/language",
    "i18n/translation",
  ]
  pruneopts = "UT"
  revision = "0dc1626d56435e9d605a29875701721c54bc9bbd"
  version = "v1.10.0"

[[projects]]
  branch = "master"
  digest = "1:6491080aa184f88c2bb8e2f6056e5e0e9a578b2d8666efbd6e97bc37a0c41e72"
  name = "github.com/nightlyone/lockfile"
  packages = ["."]
  pruneopts = "UT"
  revision = "0ad87eef1443f64d3d8c50da647e2b1552851124"

[[projects]]
  branch = "master"
  digest = "1:256c20a69c08accf664f03299f307e9a0657663594714823abfd5560a8aadcf1"
  name = "github.com/opennota/check"
  packages = [
    "cmd/structcheck",
    "cmd/varcheck",
  ]
  pruneopts = "UT"
  revision = "86da7ade2cccfc1c5d6beeb55e5c65eba54f5f3c"

[[projects]]
  branch = "master"
  digest = "1:4cb80423e717ce76d529bd0e8b1f88f3cc083add0e73363c703c896dc6f19205"
  name = "github.com/pelletier/go-toml"
  packages = ["."]
  pruneopts = "UT"
  revision = "5c5490133daa8660ec676ca8b096cc27e223beaa"

[[projects]]
  digest = "1:40e195917a951a8bf867cd05de2a46aaf1806c50cf92eebf4c16f78cd196f747"
  name = "github.com/pkg/errors"
  packages = ["."]
  pruneopts = "UT"
  revision = "645ef00459ed84a119197bfb8d8205042c6df63d"
  version = "v0.8.0"

[[projects]]
  digest = "1:0e792eea6c96ec55ff302ef33886acbaa5006e900fefe82689e88d96439dcd84"
  name = "github.com/ryanuber/go-glob"
  packages = ["."]
  pruneopts = "UT"
  revision = "572520ed46dbddaed19ea3d9541bdd0494163693"
  version = "v0.1"

[[projects]]
  branch = "master"
  digest = "1:3b2f0fcb35e10e0f7845f2182e4dd22f5a6fe3db5d1044ca815d646992a2444f"
  name = "github.com/sdboyer/constext"
  packages = ["."]
  pruneopts = "UT"
  revision = "836a144573533ea4da4e6929c235fd348aed1c80"

[[projects]]
  branch = "master"
  digest = "1:e37eb87de88a90db435037b9a721cd7b5ff37bc363a28d317574dacad2ad92b7"
  name = "github.com/stripe/safesql"
  packages = ["."]
  pruneopts = "UT"
  revision = "cddf355596fe2dbae05b4b5f845b4a6e2fb4e818"

[[projects]]
  branch = "master"
  digest = "1:399f7184f334772530ce89613ac5ffdb79c2bafd32c089b7b7f745fc1499bf5f"
  name = "github.com/tmthrgd/go-bindata"
  packages = [
    ".",
    "go-bindata",
    "internal/identifier",
  ]
  pruneopts = "UT"
  revision = "40f4993ede74f673cfe96bed75ef8513a389a00a"

[[projects]]
  branch = "master"
  digest = "1:ba52e5a5fb800ce55108b7a5f181bb809aab71c16736051312b0aa969f82ad39"
  name = "github.com/tsenart/deadcode"
  packages = ["."]
  pruneopts = "UT"
  revision = "210d2dc333e90c7e3eedf4f2242507a8e83ed4ab"

[[projects]]
  branch = "master"
  digest = "1:7bff42fbbef28d0ef60138c92cb3872cacb035133b3cfa39e3ff2c43f1fc332e"
  name = "github.com/wadey/gocovmerge"
  packages = ["."]
  pruneopts = "UT"
  revision = "b5bfa59ec0adc420475f97f89b58045c721d761c"

[[projects]]
  branch = "master"
  digest = "1:e6d666c1bc7bd5d9046c750cb2859e7d51e7afe44a014590fb82d7784822940f"
  name = "github.com/walle/lll"
  packages = [
    ".",
    "cmd/lll",
  ]
  pruneopts = "UT"
  revision = "8b13b3fbf7312913fcfdbfa78997b9bd1dbb11af"

[[projects]]
  branch = "master"
  digest = "1:9238d4d6fdc7b3859e37764c86d02625b74e0c76cd1faae3677735d5c5129724"
  name = "golang.org/x/lint"
  packages = ["."]
  pruneopts = "UT"
  revision = "06c8688daad7faa9da5a0c2f163a3d14aac986ca"

[[projects]]
  branch = "master"
  digest = "1:76ee51c3f468493aff39dbacc401e8831fbb765104cbf613b89bef01cf4bad70"
  name = "golang.org/x/net"
  packages = ["context"]
  pruneopts = "UT"
  revision = "a680a1efc54dd51c040b3b5ce4939ea3cf2ea0d1"

[[projects]]
  branch = "master"
  digest = "1:39ebcc2b11457b703ae9ee2e8cca0f68df21969c6102cb3b705f76cca0ea0239"
  name = "golang.org/x/sync"
  packages = ["errgroup"]
  pruneopts = "UT"
  revision = "1d60e4601c6fd243af51cc01ddf169918a5407ca"

[[projects]]
  branch = "master"
  digest = "1:d773e525476aefa22ea944a5425a9bfb99819b2e67eeb9b1966454fd57522bbf"
  name = "golang.org/x/sys"
  packages = ["unix"]
  pruneopts = "UT"
  revision = "ac767d655b305d4e9612f5f6e33120b9176c4ad4"

[[projects]]
  digest = "1:2de970863a9773628d089549c8d96590a1cad46828ba8e986b64a57c4f7b7caf"
  name = "golang.org/x/text"
  packages = [
    "internal/gen",
    "internal/triegen",
    "internal/ucd",
    "transform",
    "unicode/cldr",
    "width",
  ]
  pruneopts = "UT"
  revision = "f21a4dfb5e38f5895301dc265a8def02365cc3d0"
  version = "v0.3.0"

[[projects]]
  branch = "master"
  digest = "1:d8f9d9444ede8c30528fb5125dcb979d4ea1d4ed668ee8953a385e746f422cd0"
  name = "golang.org/x/tools"
  packages = [
    "cmd/goimports",
    "cmd/gotype",
    "container/intsets",
    "cover",
    "go/ast/astutil",
    "go/buildutil",
    "go/callgraph",
    "go/callgraph/cha",
    "go/callgraph/rta",
    "go/gcexportdata",
    "go/internal/gcimporter",
    "go/loader",
    "go/pointer",
    "go/ssa",
    "go/ssa/ssautil",
    "go/types/typeutil",
    "imports",
    "internal/fastwalk",
  ]
  pruneopts = "UT"
  revision = "99195f4d4ffa6331a9bc856c72697a15d9842950"

[[projects]]
  branch = "v3-unstable"
  digest = "1:86170ac4d39d1971c880a819e0e46a86c47235c8d996859e64ad3c549d6a8cc8"
  name = "gopkg.in/alecthomas/kingpin.v3-unstable"
  packages = ["."]
  pruneopts = "UT"
  revision = "2b154cee082ef5c544fa8ea1750b9eb6581b0040"

[[projects]]
  digest = "1:342378ac4dcb378a5448dd723f0784ae519383532f5e70ade24132c4c8693202"
  name = "gopkg.in/yaml.v2"
  packages = ["."]
  pruneopts = "UT"
  revision = "5420a8b6744d3b0345ab293f6fcba19c978f1183"
  version = "v2.2.1"

[[projects]]
  digest = "1:79113ee1dc1fe5f1f4bbc8d99297486d921991f76d6adb90f17f11454ab9c36d"
  name = "honnef.co/go/tools"
  packages = [
    "callgraph",
    "callgraph/static",
    "cmd/gosimple",
    "cmd/megacheck",
    "cmd/staticcheck",
    "cmd/unused",
    "deprecated",
    "functions",
    "internal/sharedcheck",
    "lint",
    "lint/lintutil",
    "simple",
    "ssa",
    "ssa/ssautil",
    "staticcheck",
    "staticcheck/vrp",
    "unused",
    "version",
  ]
  pruneopts = "UT"
  revision = "d73ab98e7c39fdcf9ba65062e43d34310f198353"
  version = "2017.2.2"

[[projects]]
  branch = "master"
  digest = "1:8f8384d353856a2949c3f38c65da298c0e978cbe1c6e2369ee96b41e86e45ca8"
  name = "mvdan.cc/interfacer"
  packages = [
    ".",
    "check",
  ]
  pruneopts = "UT"
  revision = "822e100dd73a2677e406ccc437efdb4a82e67033"

[[projects]]
  branch = "master"
  digest = "1:521f15c98723cb42db85f5b83980ffa5f707ddaff12976a0d366e6a6cdd1f791"
  name = "mvdan.cc/lint"
  packages = ["."]
  pruneopts = "UT"
  revision = "adc824a0674b99099789b6188a058d485eaf61c0"

[[projects]]
  branch = "master"
  digest = "1:a3e1ff936b3085b218bc92fcfe44811a967f2ade9ba62f987cbc6575fb656467"
  name = "mvdan.cc/unparam"
  packages = [
    ".",
    "check",
  ]
  pruneopts = "UT"
  revision = "e4aca2b3b20ccad2109f90db1c7eb0cc5806d659"

[solve-meta]
  analyzer-name = "dep"
  analyzer-version = 1
  input-imports = [
    "4d63.com/gochecknoglobals",
    "4d63.com/gochecknoinits",
    "github.com/GoASTScanner/gas",
    "github.com/GoASTScanner/gas/cmd/gas",
    "github.com/alecthomas/gocyclo",
    "github.com/alecthomas/gometalinter",
    "github.com/alexkohler/nakedret",
    "github.com/client9/misspell/cmd/misspell",
    "github.com/golang/dep",
    "github.com/golang/lint/golint",
    "github.com/gordonklaus/ineffassign",
    "github.com/jgautheron/goconst/cmd/goconst",
    "github.com/kisielk/errcheck",
    "github.com/mattn/goveralls",
    "github.com/mdempsky/maligned",
    "github.com/mdempsky/unconvert",
    "github.com/mibk/dupl",
    "github.com/opennota/check/cmd/structcheck",
    "github.com/opennota/check/cmd/varcheck",
    "github.com/stripe/safesql",
    "github.com/tmthrgd/go-bindata/go-bindata",
    "github.com/tsenart/deadcode",
    "github.com/wadey/gocovmerge",
    "github.com/walle/lll/cmd/lll",
    "golang.org/x/tools/cmd/goimports",
    "golang.org/x/tools/cmd/gotype",
    "honnef.co/go/tools/cmd/gosimple",
    "honnef.co/go/tools/cmd/megacheck",
    "honnef.co/go/tools/cmd/staticcheck",
    "honnef.co/go/tools/cmd/unused",
    "mvdan.cc/interfacer",
    "mvdan.cc/unparam",
  ]
  solver-name = "gps-cdcl"
  solver-version = 1
