# This file is autogenerated, do not edit; changes may be undone by the next 'dep ensure'.


[[projects]]
  branch = "issue/153"
  digest = "1:75fea8d6c62093d917b792814d0e789f8b719e477c42c4d5250eefe8c96c8b3d"
  name = "github.com/GoASTScanner/gas"
  packages = [
    ".",
    "cmd/gas",
    "output",
    "rules",
  ]
  pruneopts = "UT"
  revision = "806c1d081f5149dbdb4077850a532afafea27ac3"

[[projects]]
  branch = "parse-constraints-with-dash-in-pre"
  digest = "1:7e73faff24c89b65b730d17369374ec4a6d89a0d73c49d40c5bec55660a87fae"
  name = "github.com/Masterminds/semver"
  packages = ["."]
  pruneopts = "UT"
  revision = "a93e51b5a57ef416dac8bb02d11407b6f55d8929"
  source = "https://github.com/carolynvs/semver.git"

[[projects]]
  digest = "1:e8e97d3c5df6c44e650dbf87090ad7cba352415574067214c2f0ff8964c43869"
  name = "github.com/Masterminds/vcs"
  packages = ["."]
  pruneopts = "UT"
  revision = "6f1c6d150500e452704e9863f68c2559f58616bf"
  version = "v1.12.0"

[[projects]]
  digest = "1:cff1fc762dc67f7f5aeaa7e87fa4254c6884dba808c4e3d16aa3236dc1693485"
  name = "github.com/alecthomas/gometalinter"
  packages = ["."]
  pruneopts = "UT"
  revision = "a0a6cc517e763fe2cfe7618b819ec02fc11651f3"
  version = "v2.0.6"

[[projects]]
  branch = "master"
  digest = "1:c198fdc381e898e8fb62b8eb62758195091c313ad18e52a3067366e1dda2fb3c"
  name = "github.com/alecthomas/units"
  packages = ["."]
  pruneopts = "UT"
  revision = "2efee857e7cfd4f3d0138cc3cbb1b4966962b93a"

[[projects]]
  branch = "master"
  digest = "1:bebb3af6e020e86bac70564270611903a3df05b9cbdbf3d1b1ef9f76635339a1"
  name = "github.com/alvaroloes/enumer"
  packages = ["."]
  pruneopts = "UT"
  revision = "6bcfe2edaac32ad71b88ce4cf92d34cd643e4ecb"

[[projects]]
  branch = "master"
  digest = "1:9fd3a6ab34bb103ba228eefd044d3f9aa476237ea95a46d12e8cccd3abf3fea2"
  name = "github.com/armon/go-radix"
  packages = ["."]
  pruneopts = "UT"
  revision = "1fca145dffbcaa8fe914309b1ec0cfc67500fe61"

[[projects]]
  digest = "1:0f98f59e9a2f4070d66f0c9c39561f68fcd1dc837b22a852d28d0003aebd1b1e"
  name = "github.com/boltdb/bolt"
  packages = ["."]
  pruneopts = "UT"
  revision = "2f1ce7a837dcb8da3ec595b1dac9d0632f0f99e8"
  version = "v1.3.1"

[[projects]]
  branch = "master"
  digest = "1:632a11a7f45a1572651a9ac38ddb72cc8ae6b96ff89c487179301ecc30130cc5"
  name = "github.com/cheekybits/genny"
  packages = [
    ".",
    "parse",
  ]
  pruneopts = "UT"
  revision = "9127e812e1e9e501ce899a18121d316ecb52e4ba"

[[projects]]
  branch = "master"
  digest = "1:bbc4aacabe6880bdbce849c64cb061b7eddf39f132af4ea2853ddd32f85fbec3"
  name = "github.com/fatih/camelcase"
  packages = ["."]
  pruneopts = "UT"
  revision = "44e46d280b43ec1531bb25252440e34f1b800b65"

[[projects]]
  branch = "master"
  digest = "1:eff0fdc6144b74c246932c749520b472091332e5f91f96038ec1bffe44ce7a60"
  name = "github.com/fatih/gomodifytags"
  packages = ["."]
  pruneopts = "UT"
  revision = "db1e1dec6c55b07070423de0d612b5473fe24b22"

[[projects]]
  digest = "1:5f5deb289049dcfd65cdc2a26445b25a998508916d69c9859e91fc1f970bc955"
  name = "github.com/fatih/structtag"
  packages = ["."]
  pruneopts = "UT"
  revision = "da3d9ab5b78fdc25d3a7614853b085200bd10da9"
  version = "v0.1.0"

[[projects]]
  digest = "1:c55ad0cc543392141cfecc18e1b5dbf253e56c88549aa7b29deb2db6946a4e7a"
  name = "github.com/golang/dep"
  packages = [
    ".",
    "gps",
    "gps/internal/pb",
    "gps/paths",
    "gps/pkgtree",
    "internal/fs",
  ]
  pruneopts = "UT"
  revision = "37d9ea0ac16f0e0a05afc3b60e1ac8c364b6c329"
  version = "v0.4.1"

[[projects]]
  branch = "master"
  digest = "1:f52ce92339d6aa8e50f2b7723ffa0727d4428fecf39ca60c94a4b1d3a5b39e25"
  name = "github.com/golang/protobuf"
  packages = ["proto"]
  pruneopts = "UT"
  revision = "89a0c16f4dc2a70c0ed864d8ef64878f24fdaa51"

[[projects]]
  branch = "master"
  digest = "1:750e747d0aad97b79f4a4e00034bae415c2ea793fd9e61438d966ee9c79579bf"
  name = "github.com/google/shlex"
  packages = ["."]
  pruneopts = "UT"
  revision = "6f45313302b9c56850fc17f99e40caebce98c716"

[[projects]]
  digest = "1:dcb3e2ad17349c0cc89ffc16692d05195e6a67b4924fe81760fba9a307a7271d"
  name = "github.com/jmank88/nuts"
  packages = ["."]
  pruneopts = "UT"
  revision = "8b28145dffc87104e66d074f62ea8080edfad7c8"
  version = "v0.3.0"

[[projects]]
  digest = "1:15ec2166e33ef6c60b344a04d050eec79193517e7f5082b6233b2d09ef0d10b8"
  name = "github.com/kisielk/gotool"
  packages = [
    ".",
    "internal/load",
  ]
  pruneopts = "UT"
  revision = "80517062f582ea3340cd4baf70e86d539ae7d84d"
  version = "v1.0.0"

[[projects]]
  digest = "1:d1f70995feb8132ca8e99b8bba29823c3273f68c239d9ecd93fa5442a56d546f"
  name = "github.com/mattn/goveralls"
  packages = ["."]
  pruneopts = "UT"
  revision = "b71a1e4855f87991aff01c2c833a75a07059c61c"
  version = "v0.0.2"

[[projects]]
  digest = "1:66b0a65aba488ca6c72f77132d5b8d7e2c5baf07d577dee64502b69a2c90c791"
  name = "github.com/nbutton23/zxcvbn-go"
  packages = [
    ".",
    "adjacency",
    "data",
    "entropy",
    "frequency",
    "match",
    "matching",
    "scoring",
    "utils/math",
  ]
  pruneopts = "UT"
  revision = "eafdab6b0663b4b528c35975c8b0e78be6e25261"
  version = "v0.1"

[[projects]]
  digest = "1:07140002dbf37da92090f731b46fa47be4820b82fe5c14a035203b0e813d0ec2"
  name = "github.com/nicksnyder/go-i18n"
  packages = [
    "i18n",
    "i18n/bundle",
    "i18n/language",
    "i18n/translation",
  ]
  pruneopts = "UT"
  revision = "0dc1626d56435e9d605a29875701721c54bc9bbd"
  version = "v1.10.0"

[[projects]]
  branch = "master"
  digest = "1:6491080aa184f88c2bb8e2f6056e5e0e9a578b2d8666efbd6e97bc37a0c41e72"
  name = "github.com/nightlyone/lockfile"
  packages = ["."]
  pruneopts = "UT"
  revision = "0ad87eef1443f64d3d8c50da647e2b1552851124"

[[projects]]
  branch = "master"
  digest = "1:abb50f832798c34014684a052079e002e1ebe6560c4e1060f7b4f995b0bebbc5"
  name = "github.com/pascaldekloe/name"
  packages = ["."]
  pruneopts = "UT"
  revision = "0fd16699aae1833640fca52a937944c6f3b1d58c"

[[projects]]
  branch = "master"
  digest = "1:1b01b2c3e5ecd2cd9ac378acbd02fc509a4350d1a125d6b04cc9e7ee77ca5dde"
  name = "github.com/pelletier/go-toml"
  packages = ["."]
  pruneopts = "UT"
  revision = "c2dbbc24a97911339e01bda0b8cabdbd8f13b602"

[[projects]]
  digest = "1:40e195917a951a8bf867cd05de2a46aaf1806c50cf92eebf4c16f78cd196f747"
  name = "github.com/pkg/errors"
  packages = ["."]
  pruneopts = "UT"
  revision = "645ef00459ed84a119197bfb8d8205042c6df63d"
  version = "v0.8.0"

[[projects]]
  digest = "1:0e792eea6c96ec55ff302ef33886acbaa5006e900fefe82689e88d96439dcd84"
  name = "github.com/ryanuber/go-glob"
  packages = ["."]
  pruneopts = "UT"
  revision = "572520ed46dbddaed19ea3d9541bdd0494163693"
  version = "v0.1"

[[projects]]
  branch = "master"
  digest = "1:3b2f0fcb35e10e0f7845f2182e4dd22f5a6fe3db5d1044ca815d646992a2444f"
  name = "github.com/sdboyer/constext"
  packages = ["."]
  pruneopts = "UT"
  revision = "836a144573533ea4da4e6929c235fd348aed1c80"

[[projects]]
  branch = "master"
  digest = "1:7e10d7490245276ddc5246176d4c7c005d597b688fa0e0b3f423b251ba2eecd3"
  name = "github.com/tmthrgd/go-bindata"
  packages = [
    ".",
    "go-bindata",
    "internal/identifier",
  ]
  pruneopts = "UT"
  revision = "40f4993ede74f673cfe96bed75ef8513a389a00a"

[[projects]]
  branch = "master"
  digest = "1:7bff42fbbef28d0ef60138c92cb3872cacb035133b3cfa39e3ff2c43f1fc332e"
  name = "github.com/wadey/gocovmerge"
  packages = ["."]
  pruneopts = "UT"
  revision = "b5bfa59ec0adc420475f97f89b58045c721d761c"

[[projects]]
  branch = "master"
  digest = "1:76ee51c3f468493aff39dbacc401e8831fbb765104cbf613b89bef01cf4bad70"
  name = "golang.org/x/net"
  packages = ["context"]
  pruneopts = "UT"
  revision = "f4c29de78a2a91c00474a2e689954305c350adf9"

[[projects]]
  branch = "master"
  digest = "1:39ebcc2b11457b703ae9ee2e8cca0f68df21969c6102cb3b705f76cca0ea0239"
  name = "golang.org/x/sync"
  packages = ["errgroup"]
  pruneopts = "UT"
  revision = "1d60e4601c6fd243af51cc01ddf169918a5407ca"

[[projects]]
  branch = "master"
  digest = "1:7e758f807faab4ca5614488e6397d2365f9a5767f6699a805bbe92a1d1a6da23"
  name = "golang.org/x/sys"
  packages = ["unix"]
  pruneopts = "UT"
  revision = "2be389f392cd91df245b41638f818a1c041f0c08"

[[projects]]
  branch = "master"
  digest = "1:36c90fd1ca6358b391916abda133bc1c830b56c1c5c52314eb4a4ba91f1f04fe"
  name = "golang.org/x/tools"
  packages = [
    "cover",
    "go/ast/astutil",
    "go/buildutil",
    "go/internal/cgo",
    "go/loader",
    "imports",
    "internal/fastwalk",
  ]
  pruneopts = "UT"
  revision = "3c07937fe18c27668fd78bbaed3d6b8b39e202ea"

[[projects]]
  branch = "v3-unstable"
  digest = "1:86170ac4d39d1971c880a819e0e46a86c47235c8d996859e64ad3c549d6a8cc8"
  name = "gopkg.in/alecthomas/kingpin.v3-unstable"
  packages = ["."]
  pruneopts = "UT"
  revision = "2b154cee082ef5c544fa8ea1750b9eb6581b0040"

[[projects]]
  digest = "1:342378ac4dcb378a5448dd723f0784ae519383532f5e70ade24132c4c8693202"
  name = "gopkg.in/yaml.v2"
  packages = ["."]
  pruneopts = "UT"
  revision = "5420a8b6744d3b0345ab293f6fcba19c978f1183"
  version = "v2.2.1"

[solve-meta]
  analyzer-name = "dep"
  analyzer-version = 1
  input-imports = [
    "github.com/GoASTScanner/gas/cmd/gas",
    "github.com/alecthomas/gometalinter",
    "github.com/alvaroloes/enumer",
    "github.com/cheekybits/genny",
    "github.com/fatih/gomodifytags",
    "github.com/golang/dep",
    "github.com/mattn/goveralls",
    "github.com/tmthrgd/go-bindata/go-bindata",
    "github.com/wadey/gocovmerge",
  ]
  solver-name = "gps-cdcl"
  solver-version = 1
